
Microsoft Visual Studio Solution File, Format Version 12.00
# Visual Studio Version 17
VisualStudioVersion = 17.0.31903.59
MinimumVisualStudioVersion = 10.0.40219.1
Project("{FAE04EC0-301F-11D3-BF4B-00C04F79EFBC}") = "BIM765T.Revit.Contracts", "src\BIM765T.Revit.Contracts\BIM765T.Revit.Contracts.csproj", "{9B535EBC-902C-44F4-881F-6A6944D7B180}"
EndProject
Project("{FAE04EC0-301F-11D3-BF4B-00C04F79EFBC}") = "BIM765T.Revit.Agent", "src\BIM765T.Revit.Agent\BIM765T.Revit.Agent.csproj", "{191E53D5-AB0D-4475-9C52-3A5676F49149}"
EndProject
Project("{FAE04EC0-301F-11D3-BF4B-00C04F79EFBC}") = "BIM765T.Revit.Bridge", "src\BIM765T.Revit.Bridge\BIM765T.Revit.Bridge.csproj", "{4F0FD1D7-B390-4B45-988A-A713AE4430B9}"
EndProject
Project("{2150E333-8FDC-42A3-9474-1A3956D46DE8}") = "src", "src", "{827E0CD3-B72D-47B6-A68D-7590B98EB39B}"
EndProject
Project("{FAE04EC0-301F-11D3-BF4B-00C04F79EFBC}") = "BIM765T.Revit.McpHost", "src\BIM765T.Revit.McpHost\BIM765T.Revit.McpHost.csproj", "{CC53A317-AE33-400E-A203-C514EDF00EAD}"
EndProject
Project("{2150E333-8FDC-42A3-9474-1A3956D46DE8}") = "tests", "tests", "{0AB3BF05-4346-4AA6-1389-037BE0695223}"
EndProject
Project("{FAE04EC0-301F-11D3-BF4B-00C04F79EFBC}") = "BIM765T.Revit.Contracts.Tests", "tests\BIM765T.Revit.Contracts.Tests\BIM765T.Revit.Contracts.Tests.csproj", "{3B203FE6-1ECE-4C4A-BE76-B5AA319B6034}"
EndProject
Project("{FAE04EC0-301F-11D3-BF4B-00C04F79EFBC}") = "BIM765T.Revit.Agent.Core.Tests", "tests\BIM765T.Revit.Agent.Core.Tests\BIM765T.Revit.Agent.Core.Tests.csproj", "{A24A3527-0F8B-4BE6-88C4-ACC659D4EDED}"
EndProject
Project("{FAE04EC0-301F-11D3-BF4B-00C04F79EFBC}") = "BIM765T.Revit.Copilot.Core", "src\BIM765T.Revit.Copilot.Core\BIM765T.Revit.Copilot.Core.csproj", "{6695B7B7-8F75-4B31-BF79-FE047A971AB8}"
EndProject
Project("{FAE04EC0-301F-11D3-BF4B-00C04F79EFBC}") = "BIM765T.Revit.Architecture.Tests", "tests\BIM765T.Revit.Architecture.Tests\BIM765T.Revit.Architecture.Tests.csproj", "{8DC59F48-2606-4C55-8B91-5D464EC391A8}"
EndProject
Project("{FAE04EC0-301F-11D3-BF4B-00C04F79EFBC}") = "BIM765T.Revit.Agent.Core", "src\BIM765T.Revit.Agent.Core\BIM765T.Revit.Agent.Core.csproj", "{618E9ED6-4920-490B-B8E9-005D22EDCF41}"
EndProject
Project("{FAE04EC0-301F-11D3-BF4B-00C04F79EFBC}") = "BIM765T.Revit.Bridge.Tests", "tests\BIM765T.Revit.Bridge.Tests\BIM765T.Revit.Bridge.Tests.csproj", "{7B9D5EBC-B7CF-44F8-8813-C582AEA44C0F}"
EndProject
Project("{FAE04EC0-301F-11D3-BF4B-00C04F79EFBC}") = "BIM765T.Revit.McpHost.Tests", "tests\BIM765T.Revit.McpHost.Tests\BIM765T.Revit.McpHost.Tests.csproj", "{AE066110-2837-4107-8605-265089282C51}"
EndProject
Project("{FAE04EC0-301F-11D3-BF4B-00C04F79EFBC}") = "BIM765T.Revit.Contracts.Proto", "src\BIM765T.Revit.Contracts.Proto\BIM765T.Revit.Contracts.Proto.csproj", "{82D1CDB2-A603-40FD-A9BD-94B495EDFC59}"
EndProject
Project("{FAE04EC0-301F-11D3-BF4B-00C04F79EFBC}") = "BIM765T.Revit.WorkerHost", "src\BIM765T.Revit.WorkerHost\BIM765T.Revit.WorkerHost.csproj", "{1BCA42C4-956C-4102-9FD9-B0031F6B15AB}"
EndProject
Project("{FAE04EC0-301F-11D3-BF4B-00C04F79EFBC}") = "BIM765T.Revit.WorkerHost.Tests", "tests\BIM765T.Revit.WorkerHost.Tests\BIM765T.Revit.WorkerHost.Tests.csproj", "{CF70DB6C-E2A9-4773-BA4E-F26833AFF59C}"
EndProject
Global
	GlobalSection(SolutionConfigurationPlatforms) = preSolution
		Debug|Any CPU = Debug|Any CPU
		Debug|x64 = Debug|x64
		Debug|x86 = Debug|x86
		Release|Any CPU = Release|Any CPU
		Release|x64 = Release|x64
		Release|x86 = Release|x86
	EndGlobalSection
	GlobalSection(ProjectConfigurationPlatforms) = postSolution
		{9B535EBC-902C-44F4-881F-6A6944D7B180}.Debug|Any CPU.ActiveCfg = Debug|Any CPU
		{9B535EBC-902C-44F4-881F-6A6944D7B180}.Debug|Any CPU.Build.0 = Debug|Any CPU
		{9B535EBC-902C-44F4-881F-6A6944D7B180}.Debug|x64.ActiveCfg = Debug|Any CPU
		{9B535EBC-902C-44F4-881F-6A6944D7B180}.Debug|x64.Build.0 = Debug|Any CPU
		{9B535EBC-902C-44F4-881F-6A6944D7B180}.Debug|x86.ActiveCfg = Debug|Any CPU
		{9B535EBC-902C-44F4-881F-6A6944D7B180}.Debug|x86.Build.0 = Debug|Any CPU
		{9B535EBC-902C-44F4-881F-6A6944D7B180}.Release|Any CPU.ActiveCfg = Release|Any CPU
		{9B535EBC-902C-44F4-881F-6A6944D7B180}.Release|Any CPU.Build.0 = Release|Any CPU
		{9B535EBC-902C-44F4-881F-6A6944D7B180}.Release|x64.ActiveCfg = Release|Any CPU
		{9B535EBC-902C-44F4-881F-6A6944D7B180}.Release|x64.Build.0 = Release|Any CPU
		{9B535EBC-902C-44F4-881F-6A6944D7B180}.Release|x86.ActiveCfg = Release|Any CPU
		{9B535EBC-902C-44F4-881F-6A6944D7B180}.Release|x86.Build.0 = Release|Any CPU
		{191E53D5-AB0D-4475-9C52-3A5676F49149}.Debug|Any CPU.ActiveCfg = Debug|Any CPU
		{191E53D5-AB0D-4475-9C52-3A5676F49149}.Debug|Any CPU.Build.0 = Debug|Any CPU
		{191E53D5-AB0D-4475-9C52-3A5676F49149}.Debug|x64.ActiveCfg = Debug|Any CPU
		{191E53D5-AB0D-4475-9C52-3A5676F49149}.Debug|x64.Build.0 = Debug|Any CPU
		{191E53D5-AB0D-4475-9C52-3A5676F49149}.Debug|x86.ActiveCfg = Debug|Any CPU
		{191E53D5-AB0D-4475-9C52-3A5676F49149}.Debug|x86.Build.0 = Debug|Any CPU
		{191E53D5-AB0D-4475-9C52-3A5676F49149}.Release|Any CPU.ActiveCfg = Release|Any CPU
		{191E53D5-AB0D-4475-9C52-3A5676F49149}.Release|Any CPU.Build.0 = Release|Any CPU
		{191E53D5-AB0D-4475-9C52-3A5676F49149}.Release|x64.ActiveCfg = Release|Any CPU
		{191E53D5-AB0D-4475-9C52-3A5676F49149}.Release|x64.Build.0 = Release|Any CPU
		{191E53D5-AB0D-4475-9C52-3A5676F49149}.Release|x86.ActiveCfg = Release|Any CPU
		{191E53D5-AB0D-4475-9C52-3A5676F49149}.Release|x86.Build.0 = Release|Any CPU
		{4F0FD1D7-B390-4B45-988A-A713AE4430B9}.Debug|Any CPU.ActiveCfg = Debug|Any CPU
		{4F0FD1D7-B390-4B45-988A-A713AE4430B9}.Debug|Any CPU.Build.0 = Debug|Any CPU
		{4F0FD1D7-B390-4B45-988A-A713AE4430B9}.Debug|x64.ActiveCfg = Debug|Any CPU
		{4F0FD1D7-B390-4B45-988A-A713AE4430B9}.Debug|x64.Build.0 = Debug|Any CPU
		{4F0FD1D7-B390-4B45-988A-A713AE4430B9}.Debug|x86.ActiveCfg = Debug|Any CPU
		{4F0FD1D7-B390-4B45-988A-A713AE4430B9}.Debug|x86.Build.0 = Debug|Any CPU
		{4F0FD1D7-B390-4B45-988A-A713AE4430B9}.Release|Any CPU.ActiveCfg = Release|Any CPU
		{4F0FD1D7-B390-4B45-988A-A713AE4430B9}.Release|Any CPU.Build.0 = Release|Any CPU
		{4F0FD1D7-B390-4B45-988A-A713AE4430B9}.Release|x64.ActiveCfg = Release|Any CPU
		{4F0FD1D7-B390-4B45-988A-A713AE4430B9}.Release|x64.Build.0 = Release|Any CPU
		{4F0FD1D7-B390-4B45-988A-A713AE4430B9}.Release|x86.ActiveCfg = Release|Any CPU
		{4F0FD1D7-B390-4B45-988A-A713AE4430B9}.Release|x86.Build.0 = Release|Any CPU
		{CC53A317-AE33-400E-A203-C514EDF00EAD}.Debug|Any CPU.ActiveCfg = Debug|Any CPU
		{CC53A317-AE33-400E-A203-C514EDF00EAD}.Debug|Any CPU.Build.0 = Debug|Any CPU
		{CC53A317-AE33-400E-A203-C514EDF00EAD}.Debug|x64.ActiveCfg = Debug|Any CPU
		{CC53A317-AE33-400E-A203-C514EDF00EAD}.Debug|x64.Build.0 = Debug|Any CPU
		{CC53A317-AE33-400E-A203-C514EDF00EAD}.Debug|x86.ActiveCfg = Debug|Any CPU
		{CC53A317-AE33-400E-A203-C514EDF00EAD}.Debug|x86.Build.0 = Debug|Any CPU
		{CC53A317-AE33-400E-A203-C514EDF00EAD}.Release|Any CPU.ActiveCfg = Release|Any CPU
		{CC53A317-AE33-400E-A203-C514EDF00EAD}.Release|Any CPU.Build.0 = Release|Any CPU
		{CC53A317-AE33-400E-A203-C514EDF00EAD}.Release|x64.ActiveCfg = Release|Any CPU
		{CC53A317-AE33-400E-A203-C514EDF00EAD}.Release|x64.Build.0 = Release|Any CPU
		{CC53A317-AE33-400E-A203-C514EDF00EAD}.Release|x86.ActiveCfg = Release|Any CPU
		{CC53A317-AE33-400E-A203-C514EDF00EAD}.Release|x86.Build.0 = Release|Any CPU
		{3B203FE6-1ECE-4C4A-BE76-B5AA319B6034}.Debug|Any CPU.ActiveCfg = Debug|Any CPU
		{3B203FE6-1ECE-4C4A-BE76-B5AA319B6034}.Debug|Any CPU.Build.0 = Debug|Any CPU
		{3B203FE6-1ECE-4C4A-BE76-B5AA319B6034}.Debug|x64.ActiveCfg = Debug|Any CPU
		{3B203FE6-1ECE-4C4A-BE76-B5AA319B6034}.Debug|x64.Build.0 = Debug|Any CPU
		{3B203FE6-1ECE-4C4A-BE76-B5AA319B6034}.Debug|x86.ActiveCfg = Debug|Any CPU
		{3B203FE6-1ECE-4C4A-BE76-B5AA319B6034}.Debug|x86.Build.0 = Debug|Any CPU
		{3B203FE6-1ECE-4C4A-BE76-B5AA319B6034}.Release|Any CPU.ActiveCfg = Release|Any CPU
		{3B203FE6-1ECE-4C4A-BE76-B5AA319B6034}.Release|Any CPU.Build.0 = Release|Any CPU
		{3B203FE6-1ECE-4C4A-BE76-B5AA319B6034}.Release|x64.ActiveCfg = Release|Any CPU
		{3B203FE6-1ECE-4C4A-BE76-B5AA319B6034}.Release|x64.Build.0 = Release|Any CPU
		{3B203FE6-1ECE-4C4A-BE76-B5AA319B6034}.Release|x86.ActiveCfg = Release|Any CPU
		{3B203FE6-1ECE-4C4A-BE76-B5AA319B6034}.Release|x86.Build.0 = Release|Any CPU
		{A24A3527-0F8B-4BE6-88C4-ACC659D4EDED}.Debug|Any CPU.ActiveCfg = Debug|Any CPU
		{A24A3527-0F8B-4BE6-88C4-ACC659D4EDED}.Debug|Any CPU.Build.0 = Debug|Any CPU
		{A24A3527-0F8B-4BE6-88C4-ACC659D4EDED}.Debug|x64.ActiveCfg = Debug|Any CPU
		{A24A3527-0F8B-4BE6-88C4-ACC659D4EDED}.Debug|x64.Build.0 = Debug|Any CPU
		{A24A3527-0F8B-4BE6-88C4-ACC659D4EDED}.Debug|x86.ActiveCfg = Debug|Any CPU
		{A24A3527-0F8B-4BE6-88C4-ACC659D4EDED}.Debug|x86.Build.0 = Debug|Any CPU
		{A24A3527-0F8B-4BE6-88C4-ACC659D4EDED}.Release|Any CPU.ActiveCfg = Release|Any CPU
		{A24A3527-0F8B-4BE6-88C4-ACC659D4EDED}.Release|Any CPU.Build.0 = Release|Any CPU
		{A24A3527-0F8B-4BE6-88C4-ACC659D4EDED}.Release|x64.ActiveCfg = Release|Any CPU
		{A24A3527-0F8B-4BE6-88C4-ACC659D4EDED}.Release|x64.Build.0 = Release|Any CPU
		{A24A3527-0F8B-4BE6-88C4-ACC659D4EDED}.Release|x86.ActiveCfg = Release|Any CPU
		{A24A3527-0F8B-4BE6-88C4-ACC659D4EDED}.Release|x86.Build.0 = Release|Any CPU
		{6695B7B7-8F75-4B31-BF79-FE047A971AB8}.Debug|Any CPU.ActiveCfg = Debug|Any CPU
		{6695B7B7-8F75-4B31-BF79-FE047A971AB8}.Debug|Any CPU.Build.0 = Debug|Any CPU
		{6695B7B7-8F75-4B31-BF79-FE047A971AB8}.Debug|x64.ActiveCfg = Debug|Any CPU
		{6695B7B7-8F75-4B31-BF79-FE047A971AB8}.Debug|x64.Build.0 = Debug|Any CPU
		{6695B7B7-8F75-4B31-BF79-FE047A971AB8}.Debug|x86.ActiveCfg = Debug|Any CPU
		{6695B7B7-8F75-4B31-BF79-FE047A971AB8}.Debug|x86.Build.0 = Debug|Any CPU
		{6695B7B7-8F75-4B31-BF79-FE047A971AB8}.Release|Any CPU.ActiveCfg = Release|Any CPU
		{6695B7B7-8F75-4B31-BF79-FE047A971AB8}.Release|Any CPU.Build.0 = Release|Any CPU
		{6695B7B7-8F75-4B31-BF79-FE047A971AB8}.Release|x64.ActiveCfg = Release|Any CPU
		{6695B7B7-8F75-4B31-BF79-FE047A971AB8}.Release|x64.Build.0 = Release|Any CPU
		{6695B7B7-8F75-4B31-BF79-FE047A971AB8}.Release|x86.ActiveCfg = Release|Any CPU
		{6695B7B7-8F75-4B31-BF79-FE047A971AB8}.Release|x86.Build.0 = Release|Any CPU
		{8DC59F48-2606-4C55-8B91-5D464EC391A8}.Debug|Any CPU.ActiveCfg = Debug|Any CPU
		{8DC59F48-2606-4C55-8B91-5D464EC391A8}.Debug|Any CPU.Build.0 = Debug|Any CPU
		{8DC59F48-2606-4C55-8B91-5D464EC391A8}.Debug|x64.ActiveCfg = Debug|Any CPU
		{8DC59F48-2606-4C55-8B91-5D464EC391A8}.Debug|x64.Build.0 = Debug|Any CPU
		{8DC59F48-2606-4C55-8B91-5D464EC391A8}.Debug|x86.ActiveCfg = Debug|Any CPU
		{8DC59F48-2606-4C55-8B91-5D464EC391A8}.Debug|x86.Build.0 = Debug|Any CPU
		{8DC59F48-2606-4C55-8B91-5D464EC391A8}.Release|Any CPU.ActiveCfg = Release|Any CPU
		{8DC59F48-2606-4C55-8B91-5D464EC391A8}.Release|Any CPU.Build.0 = Release|Any CPU
		{8DC59F48-2606-4C55-8B91-5D464EC391A8}.Release|x64.ActiveCfg = Release|Any CPU
		{8DC59F48-2606-4C55-8B91-5D464EC391A8}.Release|x64.Build.0 = Release|Any CPU
		{8DC59F48-2606-4C55-8B91-5D464EC391A8}.Release|x86.ActiveCfg = Release|Any CPU
		{8DC59F48-2606-4C55-8B91-5D464EC391A8}.Release|x86.Build.0 = Release|Any CPU
		{618E9ED6-4920-490B-B8E9-005D22EDCF41}.Debug|Any CPU.ActiveCfg = Debug|Any CPU
		{618E9ED6-4920-490B-B8E9-005D22EDCF41}.Debug|Any CPU.Build.0 = Debug|Any CPU
		{618E9ED6-4920-490B-B8E9-005D22EDCF41}.Debug|x64.ActiveCfg = Debug|Any CPU
		{618E9ED6-4920-490B-B8E9-005D22EDCF41}.Debug|x64.Build.0 = Debug|Any CPU
		{618E9ED6-4920-490B-B8E9-005D22EDCF41}.Debug|x86.ActiveCfg = Debug|Any CPU
		{618E9ED6-4920-490B-B8E9-005D22EDCF41}.Debug|x86.Build.0 = Debug|Any CPU
		{618E9ED6-4920-490B-B8E9-005D22EDCF41}.Release|Any CPU.ActiveCfg = Release|Any CPU
		{618E9ED6-4920-490B-B8E9-005D22EDCF41}.Release|Any CPU.Build.0 = Release|Any CPU
		{618E9ED6-4920-490B-B8E9-005D22EDCF41}.Release|x64.ActiveCfg = Release|Any CPU
		{618E9ED6-4920-490B-B8E9-005D22EDCF41}.Release|x64.Build.0 = Release|Any CPU
		{618E9ED6-4920-490B-B8E9-005D22EDCF41}.Release|x86.ActiveCfg = Release|Any CPU
		{618E9ED6-4920-490B-B8E9-005D22EDCF41}.Release|x86.Build.0 = Release|Any CPU
		{7B9D5EBC-B7CF-44F8-8813-C582AEA44C0F}.Debug|Any CPU.ActiveCfg = Debug|Any CPU
		{7B9D5EBC-B7CF-44F8-8813-C582AEA44C0F}.Debug|Any CPU.Build.0 = Debug|Any CPU
		{7B9D5EBC-B7CF-44F8-8813-C582AEA44C0F}.Debug|x64.ActiveCfg = Debug|Any CPU
		{7B9D5EBC-B7CF-44F8-8813-C582AEA44C0F}.Debug|x64.Build.0 = Debug|Any CPU
		{7B9D5EBC-B7CF-44F8-8813-C582AEA44C0F}.Debug|x86.ActiveCfg = Debug|Any CPU
		{7B9D5EBC-B7CF-44F8-8813-C582AEA44C0F}.Debug|x86.Build.0 = Debug|Any CPU
		{7B9D5EBC-B7CF-44F8-8813-C582AEA44C0F}.Release|Any CPU.ActiveCfg = Release|Any CPU
		{7B9D5EBC-B7CF-44F8-8813-C582AEA44C0F}.Release|Any CPU.Build.0 = Release|Any CPU
		{7B9D5EBC-B7CF-44F8-8813-C582AEA44C0F}.Release|x64.ActiveCfg = Release|Any CPU
		{7B9D5EBC-B7CF-44F8-8813-C582AEA44C0F}.Release|x64.Build.0 = Release|Any CPU
		{7B9D5EBC-B7CF-44F8-8813-C582AEA44C0F}.Release|x86.ActiveCfg = Release|Any CPU
		{7B9D5EBC-B7CF-44F8-8813-C582AEA44C0F}.Release|x86.Build.0 = Release|Any CPU
		{AE066110-2837-4107-8605-265089282C51}.Debug|Any CPU.ActiveCfg = Debug|Any CPU
		{AE066110-2837-4107-8605-265089282C51}.Debug|Any CPU.Build.0 = Debug|Any CPU
		{AE066110-2837-4107-8605-265089282C51}.Debug|x64.ActiveCfg = Debug|Any CPU
		{AE066110-2837-4107-8605-265089282C51}.Debug|x64.Build.0 = Debug|Any CPU
		{AE066110-2837-4107-8605-265089282C51}.Debug|x86.ActiveCfg = Debug|Any CPU
		{AE066110-2837-4107-8605-265089282C51}.Debug|x86.Build.0 = Debug|Any CPU
		{AE066110-2837-4107-8605-265089282C51}.Release|Any CPU.ActiveCfg = Release|Any CPU
		{AE066110-2837-4107-8605-265089282C51}.Release|Any CPU.Build.0 = Release|Any CPU
		{AE066110-2837-4107-8605-265089282C51}.Release|x64.ActiveCfg = Release|Any CPU
		{AE066110-2837-4107-8605-265089282C51}.Release|x64.Build.0 = Release|Any CPU
		{AE066110-2837-4107-8605-265089282C51}.Release|x86.ActiveCfg = Release|Any CPU
		{AE066110-2837-4107-8605-265089282C51}.Release|x86.Build.0 = Release|Any CPU
		{82D1CDB2-A603-40FD-A9BD-94B495EDFC59}.Debug|Any CPU.ActiveCfg = Debug|Any CPU
		{82D1CDB2-A603-40FD-A9BD-94B495EDFC59}.Debug|Any CPU.Build.0 = Debug|Any CPU
		{82D1CDB2-A603-40FD-A9BD-94B495EDFC59}.Debug|x64.ActiveCfg = Debug|Any CPU
		{82D1CDB2-A603-40FD-A9BD-94B495EDFC59}.Debug|x64.Build.0 = Debug|Any CPU
		{82D1CDB2-A603-40FD-A9BD-94B495EDFC59}.Debug|x86.ActiveCfg = Debug|Any CPU
		{82D1CDB2-A603-40FD-A9BD-94B495EDFC59}.Debug|x86.Build.0 = Debug|Any CPU
		{82D1CDB2-A603-40FD-A9BD-94B495EDFC59}.Release|Any CPU.ActiveCfg = Release|Any CPU
		{82D1CDB2-A603-40FD-A9BD-94B495EDFC59}.Release|Any CPU.Build.0 = Release|Any CPU
		{82D1CDB2-A603-40FD-A9BD-94B495EDFC59}.Release|x64.ActiveCfg = Release|Any CPU
		{82D1CDB2-A603-40FD-A9BD-94B495EDFC59}.Release|x64.Build.0 = Release|Any CPU
		{82D1CDB2-A603-40FD-A9BD-94B495EDFC59}.Release|x86.ActiveCfg = Release|Any CPU
		{82D1CDB2-A603-40FD-A9BD-94B495EDFC59}.Release|x86.Build.0 = Release|Any CPU
		{1BCA42C4-956C-4102-9FD9-B0031F6B15AB}.Debug|Any CPU.ActiveCfg = Debug|Any CPU
		{1BCA42C4-956C-4102-9FD9-B0031F6B15AB}.Debug|Any CPU.Build.0 = Debug|Any CPU
		{1BCA42C4-956C-4102-9FD9-B0031F6B15AB}.Debug|x64.ActiveCfg = Debug|Any CPU
		{1BCA42C4-956C-4102-9FD9-B0031F6B15AB}.Debug|x64.Build.0 = Debug|Any CPU
		{1BCA42C4-956C-4102-9FD9-B0031F6B15AB}.Debug|x86.ActiveCfg = Debug|Any CPU
		{1BCA42C4-956C-4102-9FD9-B0031F6B15AB}.Debug|x86.Build.0 = Debug|Any CPU
		{1BCA42C4-956C-4102-9FD9-B0031F6B15AB}.Release|Any CPU.ActiveCfg = Release|Any CPU
		{1BCA42C4-956C-4102-9FD9-B0031F6B15AB}.Release|Any CPU.Build.0 = Release|Any CPU
		{1BCA42C4-956C-4102-9FD9-B0031F6B15AB}.Release|x64.ActiveCfg = Release|Any CPU
		{1BCA42C4-956C-4102-9FD9-B0031F6B15AB}.Release|x64.Build.0 = Release|Any CPU
		{1BCA42C4-956C-4102-9FD9-B0031F6B15AB}.Release|x86.ActiveCfg = Release|Any CPU
		{1BCA42C4-956C-4102-9FD9-B0031F6B15AB}.Release|x86.Build.0 = Release|Any CPU
		{CF70DB6C-E2A9-4773-BA4E-F26833AFF59C}.Debug|Any CPU.ActiveCfg = Debug|Any CPU
		{CF70DB6C-E2A9-4773-BA4E-F26833AFF59C}.Debug|Any CPU.Build.0 = Debug|Any CPU
		{CF70DB6C-E2A9-4773-BA4E-F26833AFF59C}.Debug|x64.ActiveCfg = Debug|Any CPU
		{CF70DB6C-E2A9-4773-BA4E-F26833AFF59C}.Debug|x64.Build.0 = Debug|Any CPU
		{CF70DB6C-E2A9-4773-BA4E-F26833AFF59C}.Debug|x86.ActiveCfg = Debug|Any CPU
		{CF70DB6C-E2A9-4773-BA4E-F26833AFF59C}.Debug|x86.Build.0 = Debug|Any CPU
		{CF70DB6C-E2A9-4773-BA4E-F26833AFF59C}.Release|Any CPU.ActiveCfg = Release|Any CPU
		{CF70DB6C-E2A9-4773-BA4E-F26833AFF59C}.Release|Any CPU.Build.0 = Release|Any CPU
		{CF70DB6C-E2A9-4773-BA4E-F26833AFF59C}.Release|x64.ActiveCfg = Release|Any CPU
		{CF70DB6C-E2A9-4773-BA4E-F26833AFF59C}.Release|x64.Build.0 = Release|Any CPU
		{CF70DB6C-E2A9-4773-BA4E-F26833AFF59C}.Release|x86.ActiveCfg = Release|Any CPU
		{CF70DB6C-E2A9-4773-BA4E-F26833AFF59C}.Release|x86.Build.0 = Release|Any CPU
	EndGlobalSection
	GlobalSection(SolutionProperties) = preSolution
		HideSolutionNode = FALSE
	EndGlobalSection
	GlobalSection(NestedProjects) = preSolution
		{CC53A317-AE33-400E-A203-C514EDF00EAD} = {827E0CD3-B72D-47B6-A68D-7590B98EB39B}
		{3B203FE6-1ECE-4C4A-BE76-B5AA319B6034} = {0AB3BF05-4346-4AA6-1389-037BE0695223}
		{A24A3527-0F8B-4BE6-88C4-ACC659D4EDED} = {0AB3BF05-4346-4AA6-1389-037BE0695223}
		{6695B7B7-8F75-4B31-BF79-FE047A971AB8} = {827E0CD3-B72D-47B6-A68D-7590B98EB39B}
		{8DC59F48-2606-4C55-8B91-5D464EC391A8} = {0AB3BF05-4346-4AA6-1389-037BE0695223}
		{618E9ED6-4920-490B-B8E9-005D22EDCF41} = {827E0CD3-B72D-47B6-A68D-7590B98EB39B}
		{7B9D5EBC-B7CF-44F8-8813-C582AEA44C0F} = {0AB3BF05-4346-4AA6-1389-037BE0695223}
		{AE066110-2837-4107-8605-265089282C51} = {0AB3BF05-4346-4AA6-1389-037BE0695223}
		{82D1CDB2-A603-40FD-A9BD-94B495EDFC59} = {827E0CD3-B72D-47B6-A68D-7590B98EB39B}
		{1BCA42C4-956C-4102-9FD9-B0031F6B15AB} = {827E0CD3-B72D-47B6-A68D-7590B98EB39B}
		{CF70DB6C-E2A9-4773-BA4E-F26833AFF59C} = {0AB3BF05-4346-4AA6-1389-037BE0695223}
	EndGlobalSection
EndGlobal
